
Microsoft Visual Studio Solution File, Format Version 12.00
# Visual Studio 15
VisualStudioVersion = 15.0.27703.2047
MinimumVisualStudioVersion = 10.0.40219.1
Project("{FAE04EC0-301F-11D3-BF4B-00C04F79EFBC}") = "AubriBioApp.Android", "AubriBioApp\AubriBioApp.Android\AubriBioApp.Android.csproj", "{2DB3894A-A5EA-4E63-98DB-31840F8147DE}"
EndProject
Project("{FAE04EC0-301F-11D3-BF4B-00C04F79EFBC}") = "AubriBioApp.iOS", "AubriBioApp\AubriBioApp.iOS\AubriBioApp.iOS.csproj", "{6F10F8D9-8438-4521-BC2A-BB2E5512BCD2}"
EndProject
Project("{FAE04EC0-301F-11D3-BF4B-00C04F79EFBC}") = "AubriBioApp.UWP", "AubriBioApp\AubriBioApp.UWP\AubriBioApp.UWP.csproj", "{841108E5-6A41-4331-BF28-D9307E70318D}"
EndProject
Project("{FAE04EC0-301F-11D3-BF4B-00C04F79EFBC}") = "AubriBioApp", "AubriBioApp\AubriBioApp\AubriBioApp.csproj", "{E3B7E554-3B89-4822-BEA1-992B1BF2D187}"
EndProject
Global
	GlobalSection(SolutionConfigurationPlatforms) = preSolution
		Ad-Hoc|Any CPU = Ad-Hoc|Any CPU
		Ad-Hoc|ARM = Ad-Hoc|ARM
		Ad-Hoc|iPhone = Ad-Hoc|iPhone
		Ad-Hoc|iPhoneSimulator = Ad-Hoc|iPhoneSimulator
		Ad-Hoc|x64 = Ad-Hoc|x64
		Ad-Hoc|x86 = Ad-Hoc|x86
		AppStore|Any CPU = AppStore|Any CPU
		AppStore|ARM = AppStore|ARM
		AppStore|iPhone = AppStore|iPhone
		AppStore|iPhoneSimulator = AppStore|iPhoneSimulator
		AppStore|x64 = AppStore|x64
		AppStore|x86 = AppStore|x86
		Debug|Any CPU = Debug|Any CPU
		Debug|ARM = Debug|ARM
		Debug|iPhone = Debug|iPhone
		Debug|iPhoneSimulator = Debug|iPhoneSimulator
		Debug|x64 = Debug|x64
		Debug|x86 = Debug|x86
		Release|Any CPU = Release|Any CPU
		Release|ARM = Release|ARM
		Release|iPhone = Release|iPhone
		Release|iPhoneSimulator = Release|iPhoneSimulator
		Release|x64 = Release|x64
		Release|x86 = Release|x86
	EndGlobalSection
	GlobalSection(ProjectConfigurationPlatforms) = postSolution
		{2DB3894A-A5EA-4E63-98DB-31840F8147DE}.Ad-Hoc|Any CPU.ActiveCfg = Release|Any CPU
		{2DB3894A-A5EA-4E63-98DB-31840F8147DE}.Ad-Hoc|Any CPU.Build.0 = Release|Any CPU
		{2DB3894A-A5EA-4E63-98DB-31840F8147DE}.Ad-Hoc|Any CPU.Deploy.0 = Release|Any CPU
		{2DB3894A-A5EA-4E63-98DB-31840F8147DE}.Ad-Hoc|ARM.ActiveCfg = Release|Any CPU
		{2DB3894A-A5EA-4E63-98DB-31840F8147DE}.Ad-Hoc|ARM.Build.0 = Release|Any CPU
		{2DB3894A-A5EA-4E63-98DB-31840F8147DE}.Ad-Hoc|ARM.Deploy.0 = Release|Any CPU
		{2DB3894A-A5EA-4E63-98DB-31840F8147DE}.Ad-Hoc|iPhone.ActiveCfg = Release|Any CPU
		{2DB3894A-A5EA-4E63-98DB-31840F8147DE}.Ad-Hoc|iPhone.Build.0 = Release|Any CPU
		{2DB3894A-A5EA-4E63-98DB-31840F8147DE}.Ad-Hoc|iPhone.Deploy.0 = Release|Any CPU
		{2DB3894A-A5EA-4E63-98DB-31840F8147DE}.Ad-Hoc|iPhoneSimulator.ActiveCfg = Release|Any CPU
		{2DB3894A-A5EA-4E63-98DB-31840F8147DE}.Ad-Hoc|iPhoneSimulator.Build.0 = Release|Any CPU
		{2DB3894A-A5EA-4E63-98DB-31840F8147DE}.Ad-Hoc|iPhoneSimulator.Deploy.0 = Release|Any CPU
		{2DB3894A-A5EA-4E63-98DB-31840F8147DE}.Ad-Hoc|x64.ActiveCfg = Release|Any CPU
		{2DB3894A-A5EA-4E63-98DB-31840F8147DE}.Ad-Hoc|x64.Build.0 = Release|Any CPU
		{2DB3894A-A5EA-4E63-98DB-31840F8147DE}.Ad-Hoc|x64.Deploy.0 = Release|Any CPU
		{2DB3894A-A5EA-4E63-98DB-31840F8147DE}.Ad-Hoc|x86.ActiveCfg = Release|Any CPU
		{2DB3894A-A5EA-4E63-98DB-31840F8147DE}.Ad-Hoc|x86.Build.0 = Release|Any CPU
		{2DB3894A-A5EA-4E63-98DB-31840F8147DE}.Ad-Hoc|x86.Deploy.0 = Release|Any CPU
		{2DB3894A-A5EA-4E63-98DB-31840F8147DE}.AppStore|Any CPU.ActiveCfg = Release|Any CPU
		{2DB3894A-A5EA-4E63-98DB-31840F8147DE}.AppStore|Any CPU.Build.0 = Release|Any CPU
		{2DB3894A-A5EA-4E63-98DB-31840F8147DE}.AppStore|Any CPU.Deploy.0 = Release|Any CPU
		{2DB3894A-A5EA-4E63-98DB-31840F8147DE}.AppStore|ARM.ActiveCfg = Release|Any CPU
		{2DB3894A-A5EA-4E63-98DB-31840F8147DE}.AppStore|ARM.Build.0 = Release|Any CPU
		{2DB3894A-A5EA-4E63-98DB-31840F8147DE}.AppStore|ARM.Deploy.0 = Release|Any CPU
		{2DB3894A-A5EA-4E63-98DB-31840F8147DE}.AppStore|iPhone.ActiveCfg = Release|Any CPU
		{2DB3894A-A5EA-4E63-98DB-31840F8147DE}.AppStore|iPhone.Build.0 = Release|Any CPU
		{2DB3894A-A5EA-4E63-98DB-31840F8147DE}.AppStore|iPhone.Deploy.0 = Release|Any CPU
		{2DB3894A-A5EA-4E63-98DB-31840F8147DE}.AppStore|iPhoneSimulator.ActiveCfg = Release|Any CPU
		{2DB3894A-A5EA-4E63-98DB-31840F8147DE}.AppStore|iPhoneSimulator.Build.0 = Release|Any CPU
		{2DB3894A-A5EA-4E63-98DB-31840F8147DE}.AppStore|iPhoneSimulator.Deploy.0 = Release|Any CPU
		{2DB3894A-A5EA-4E63-98DB-31840F8147DE}.AppStore|x64.ActiveCfg = Release|Any CPU
		{2DB3894A-A5EA-4E63-98DB-31840F8147DE}.AppStore|x64.Build.0 = Release|Any CPU
		{2DB3894A-A5EA-4E63-98DB-31840F8147DE}.AppStore|x64.Deploy.0 = Release|Any CPU
		{2DB3894A-A5EA-4E63-98DB-31840F8147DE}.AppStore|x86.ActiveCfg = Release|Any CPU
		{2DB3894A-A5EA-4E63-98DB-31840F8147DE}.AppStore|x86.Build.0 = Release|Any CPU
		{2DB3894A-A5EA-4E63-98DB-31840F8147DE}.AppStore|x86.Deploy.0 = Release|Any CPU
		{2DB3894A-A5EA-4E63-98DB-31840F8147DE}.Debug|Any CPU.ActiveCfg = Debug|Any CPU
		{2DB3894A-A5EA-4E63-98DB-31840F8147DE}.Debug|Any CPU.Build.0 = Debug|Any CPU
		{2DB3894A-A5EA-4E63-98DB-31840F8147DE}.Debug|Any CPU.Deploy.0 = Debug|Any CPU
		{2DB3894A-A5EA-4E63-98DB-31840F8147DE}.Debug|ARM.ActiveCfg = Debug|Any CPU
		{2DB3894A-A5EA-4E63-98DB-31840F8147DE}.Debug|ARM.Build.0 = Debug|Any CPU
		{2DB3894A-A5EA-4E63-98DB-31840F8147DE}.Debug|ARM.Deploy.0 = Debug|Any CPU
		{2DB3894A-A5EA-4E63-98DB-31840F8147DE}.Debug|iPhone.ActiveCfg = Debug|Any CPU
		{2DB3894A-A5EA-4E63-98DB-31840F8147DE}.Debug|iPhone.Build.0 = Debug|Any CPU
		{2DB3894A-A5EA-4E63-98DB-31840F8147DE}.Debug|iPhone.Deploy.0 = Debug|Any CPU
		{2DB3894A-A5EA-4E63-98DB-31840F8147DE}.Debug|iPhoneSimulator.ActiveCfg = Debug|Any CPU
		{2DB3894A-A5EA-4E63-98DB-31840F8147DE}.Debug|iPhoneSimulator.Build.0 = Debug|Any CPU
		{2DB3894A-A5EA-4E63-98DB-31840F8147DE}.Debug|iPhoneSimulator.Deploy.0 = Debug|Any CPU
		{2DB3894A-A5EA-4E63-98DB-31840F8147DE}.Debug|x64.ActiveCfg = Debug|Any CPU
		{2DB3894A-A5EA-4E63-98DB-31840F8147DE}.Debug|x64.Build.0 = Debug|Any CPU
		{2DB3894A-A5EA-4E63-98DB-31840F8147DE}.Debug|x64.Deploy.0 = Debug|Any CPU
		{2DB3894A-A5EA-4E63-98DB-31840F8147DE}.Debug|x86.ActiveCfg = Debug|Any CPU
		{2DB3894A-A5EA-4E63-98DB-31840F8147DE}.Debug|x86.Build.0 = Debug|Any CPU
		{2DB3894A-A5EA-4E63-98DB-31840F8147DE}.Debug|x86.Deploy.0 = Debug|Any CPU
		{2DB3894A-A5EA-4E63-98DB-31840F8147DE}.Release|Any CPU.ActiveCfg = Release|Any CPU
		{2DB3894A-A5EA-4E63-98DB-31840F8147DE}.Release|Any CPU.Build.0 = Release|Any CPU
		{2DB3894A-A5EA-4E63-98DB-31840F8147DE}.Release|Any CPU.Deploy.0 = Release|Any CPU
		{2DB3894A-A5EA-4E63-98DB-31840F8147DE}.Release|ARM.ActiveCfg = Release|Any CPU
		{2DB3894A-A5EA-4E63-98DB-31840F8147DE}.Release|ARM.Build.0 = Release|Any CPU
		{2DB3894A-A5EA-4E63-98DB-31840F8147DE}.Release|ARM.Deploy.0 = Release|Any CPU
		{2DB3894A-A5EA-4E63-98DB-31840F8147DE}.Release|iPhone.ActiveCfg = Release|Any CPU
		{2DB3894A-A5EA-4E63-98DB-31840F8147DE}.Release|iPhone.Build.0 = Release|Any CPU
		{2DB3894A-A5EA-4E63-98DB-31840F8147DE}.Release|iPhone.Deploy.0 = Release|Any CPU
		{2DB3894A-A5EA-4E63-98DB-31840F8147DE}.Release|iPhoneSimulator.ActiveCfg = Release|Any CPU
		{2DB3894A-A5EA-4E63-98DB-31840F8147DE}.Release|iPhoneSimulator.Build.0 = Release|Any CPU
		{2DB3894A-A5EA-4E63-98DB-31840F8147DE}.Release|iPhoneSimulator.Deploy.0 = Release|Any CPU
		{2DB3894A-A5EA-4E63-98DB-31840F8147DE}.Release|x64.ActiveCfg = Release|Any CPU
		{2DB3894A-A5EA-4E63-98DB-31840F8147DE}.Release|x64.Build.0 = Release|Any CPU
		{2DB3894A-A5EA-4E63-98DB-31840F8147DE}.Release|x64.Deploy.0 = Release|Any CPU
		{2DB3894A-A5EA-4E63-98DB-31840F8147DE}.Release|x86.ActiveCfg = Release|Any CPU
		{2DB3894A-A5EA-4E63-98DB-31840F8147DE}.Release|x86.Build.0 = Release|Any CPU
		{2DB3894A-A5EA-4E63-98DB-31840F8147DE}.Release|x86.Deploy.0 = Release|Any CPU
		{6F10F8D9-8438-4521-BC2A-BB2E5512BCD2}.Ad-Hoc|Any CPU.ActiveCfg = Ad-Hoc|iPhone
		{6F10F8D9-8438-4521-BC2A-BB2E5512BCD2}.Ad-Hoc|Any CPU.Build.0 = Ad-Hoc|iPhone
		{6F10F8D9-8438-4521-BC2A-BB2E5512BCD2}.Ad-Hoc|Any CPU.Deploy.0 = Ad-Hoc|iPhone
		{6F10F8D9-8438-4521-BC2A-BB2E5512BCD2}.Ad-Hoc|ARM.ActiveCfg = Ad-Hoc|iPhone
		{6F10F8D9-8438-4521-BC2A-BB2E5512BCD2}.Ad-Hoc|ARM.Build.0 = Ad-Hoc|iPhone
		{6F10F8D9-8438-4521-BC2A-BB2E5512BCD2}.Ad-Hoc|ARM.Deploy.0 = Ad-Hoc|iPhone
		{6F10F8D9-8438-4521-BC2A-BB2E5512BCD2}.Ad-Hoc|iPhone.ActiveCfg = Ad-Hoc|iPhone
		{6F10F8D9-8438-4521-BC2A-BB2E5512BCD2}.Ad-Hoc|iPhone.Build.0 = Ad-Hoc|iPhone
		{6F10F8D9-8438-4521-BC2A-BB2E5512BCD2}.Ad-Hoc|iPhone.Deploy.0 = Ad-Hoc|iPhone
		{6F10F8D9-8438-4521-BC2A-BB2E5512BCD2}.Ad-Hoc|iPhoneSimulator.ActiveCfg = Ad-Hoc|iPhoneSimulator
		{6F10F8D9-8438-4521-BC2A-BB2E5512BCD2}.Ad-Hoc|iPhoneSimulator.Build.0 = Ad-Hoc|iPhoneSimulator
		{6F10F8D9-8438-4521-BC2A-BB2E5512BCD2}.Ad-Hoc|iPhoneSimulator.Deploy.0 = Ad-Hoc|iPhoneSimulator
		{6F10F8D9-8438-4521-BC2A-BB2E5512BCD2}.Ad-Hoc|x64.ActiveCfg = Ad-Hoc|iPhone
		{6F10F8D9-8438-4521-BC2A-BB2E5512BCD2}.Ad-Hoc|x64.Build.0 = Ad-Hoc|iPhone
		{6F10F8D9-8438-4521-BC2A-BB2E5512BCD2}.Ad-Hoc|x64.Deploy.0 = Ad-Hoc|iPhone
		{6F10F8D9-8438-4521-BC2A-BB2E5512BCD2}.Ad-Hoc|x86.ActiveCfg = Ad-Hoc|iPhone
		{6F10F8D9-8438-4521-BC2A-BB2E5512BCD2}.Ad-Hoc|x86.Build.0 = Ad-Hoc|iPhone
		{6F10F8D9-8438-4521-BC2A-BB2E5512BCD2}.Ad-Hoc|x86.Deploy.0 = Ad-Hoc|iPhone
		{6F10F8D9-8438-4521-BC2A-BB2E5512BCD2}.AppStore|Any CPU.ActiveCfg = AppStore|iPhone
		{6F10F8D9-8438-4521-BC2A-BB2E5512BCD2}.AppStore|Any CPU.Build.0 = AppStore|iPhone
		{6F10F8D9-8438-4521-BC2A-BB2E5512BCD2}.AppStore|Any CPU.Deploy.0 = AppStore|iPhone
		{6F10F8D9-8438-4521-BC2A-BB2E5512BCD2}.AppStore|ARM.ActiveCfg = AppStore|iPhone
		{6F10F8D9-8438-4521-BC2A-BB2E5512BCD2}.AppStore|ARM.Build.0 = AppStore|iPhone
		{6F10F8D9-8438-4521-BC2A-BB2E5512BCD2}.AppStore|ARM.Deploy.0 = AppStore|iPhone
		{6F10F8D9-8438-4521-BC2A-BB2E5512BCD2}.AppStore|iPhone.ActiveCfg = AppStore|iPhone
		{6F10F8D9-8438-4521-BC2A-BB2E5512BCD2}.AppStore|iPhone.Build.0 = AppStore|iPhone
		{6F10F8D9-8438-4521-BC2A-BB2E5512BCD2}.AppStore|iPhone.Deploy.0 = AppStore|iPhone
		{6F10F8D9-8438-4521-BC2A-BB2E5512BCD2}.AppStore|iPhoneSimulator.ActiveCfg = AppStore|iPhoneSimulator
		{6F10F8D9-8438-4521-BC2A-BB2E5512BCD2}.AppStore|iPhoneSimulator.Build.0 = AppStore|iPhoneSimulator
		{6F10F8D9-8438-4521-BC2A-BB2E5512BCD2}.AppStore|iPhoneSimulator.Deploy.0 = AppStore|iPhoneSimulator
		{6F10F8D9-8438-4521-BC2A-BB2E5512BCD2}.AppStore|x64.ActiveCfg = AppStore|iPhone
		{6F10F8D9-8438-4521-BC2A-BB2E5512BCD2}.AppStore|x64.Build.0 = AppStore|iPhone
		{6F10F8D9-8438-4521-BC2A-BB2E5512BCD2}.AppStore|x64.Deploy.0 = AppStore|iPhone
		{6F10F8D9-8438-4521-BC2A-BB2E5512BCD2}.AppStore|x86.ActiveCfg = AppStore|iPhone
		{6F10F8D9-8438-4521-BC2A-BB2E5512BCD2}.AppStore|x86.Build.0 = AppStore|iPhone
		{6F10F8D9-8438-4521-BC2A-BB2E5512BCD2}.AppStore|x86.Deploy.0 = AppStore|iPhone
		{6F10F8D9-8438-4521-BC2A-BB2E5512BCD2}.Debug|Any CPU.ActiveCfg = Debug|iPhoneSimulator
		{6F10F8D9-8438-4521-BC2A-BB2E5512BCD2}.Debug|Any CPU.Build.0 = Debug|iPhoneSimulator
		{6F10F8D9-8438-4521-BC2A-BB2E5512BCD2}.Debug|Any CPU.Deploy.0 = Debug|iPhoneSimulator
		{6F10F8D9-8438-4521-BC2A-BB2E5512BCD2}.Debug|ARM.ActiveCfg = Debug|iPhone
		{6F10F8D9-8438-4521-BC2A-BB2E5512BCD2}.Debug|ARM.Build.0 = Debug|iPhone
		{6F10F8D9-8438-4521-BC2A-BB2E5512BCD2}.Debug|ARM.Deploy.0 = Debug|iPhone
		{6F10F8D9-8438-4521-BC2A-BB2E5512BCD2}.Debug|iPhone.ActiveCfg = Debug|iPhone
		{6F10F8D9-8438-4521-BC2A-BB2E5512BCD2}.Debug|iPhone.Build.0 = Debug|iPhone
		{6F10F8D9-8438-4521-BC2A-BB2E5512BCD2}.Debug|iPhone.Deploy.0 = Debug|iPhone
		{6F10F8D9-8438-4521-BC2A-BB2E5512BCD2}.Debug|iPhoneSimulator.ActiveCfg = Debug|iPhoneSimulator
		{6F10F8D9-8438-4521-BC2A-BB2E5512BCD2}.Debug|iPhoneSimulator.Build.0 = Debug|iPhoneSimulator
		{6F10F8D9-8438-4521-BC2A-BB2E5512BCD2}.Debug|iPhoneSimulator.Deploy.0 = Debug|iPhoneSimulator
		{6F10F8D9-8438-4521-BC2A-BB2E5512BCD2}.Debug|x64.ActiveCfg = Debug|iPhone
		{6F10F8D9-8438-4521-BC2A-BB2E5512BCD2}.Debug|x64.Build.0 = Debug|iPhone
		{6F10F8D9-8438-4521-BC2A-BB2E5512BCD2}.Debug|x64.Deploy.0 = Debug|iPhone
		{6F10F8D9-8438-4521-BC2A-BB2E5512BCD2}.Debug|x86.ActiveCfg = Debug|iPhone
		{6F10F8D9-8438-4521-BC2A-BB2E5512BCD2}.Debug|x86.Build.0 = Debug|iPhone
		{6F10F8D9-8438-4521-BC2A-BB2E5512BCD2}.Debug|x86.Deploy.0 = Debug|iPhone
		{6F10F8D9-8438-4521-BC2A-BB2E5512BCD2}.Release|Any CPU.ActiveCfg = Release|iPhone
		{6F10F8D9-8438-4521-BC2A-BB2E5512BCD2}.Release|Any CPU.Build.0 = Release|iPhone
		{6F10F8D9-8438-4521-BC2A-BB2E5512BCD2}.Release|Any CPU.Deploy.0 = Release|iPhone
		{6F10F8D9-8438-4521-BC2A-BB2E5512BCD2}.Release|ARM.ActiveCfg = Release|iPhone
		{6F10F8D9-8438-4521-BC2A-BB2E5512BCD2}.Release|ARM.Build.0 = Release|iPhone
		{6F10F8D9-8438-4521-BC2A-BB2E5512BCD2}.Release|ARM.Deploy.0 = Release|iPhone
		{6F10F8D9-8438-4521-BC2A-BB2E5512BCD2}.Release|iPhone.ActiveCfg = Release|iPhone
		{6F10F8D9-8438-4521-BC2A-BB2E5512BCD2}.Release|iPhone.Build.0 = Release|iPhone
		{6F10F8D9-8438-4521-BC2A-BB2E5512BCD2}.Release|iPhone.Deploy.0 = Release|iPhone
		{6F10F8D9-8438-4521-BC2A-BB2E5512BCD2}.Release|iPhoneSimulator.ActiveCfg = Release|iPhoneSimulator
		{6F10F8D9-8438-4521-BC2A-BB2E5512BCD2}.Release|iPhoneSimulator.Build.0 = Release|iPhoneSimulator
		{6F10F8D9-8438-4521-BC2A-BB2E5512BCD2}.Release|iPhoneSimulator.Deploy.0 = Release|iPhoneSimulator
		{6F10F8D9-8438-4521-BC2A-BB2E5512BCD2}.Release|x64.ActiveCfg = Release|iPhone
		{6F10F8D9-8438-4521-BC2A-BB2E5512BCD2}.Release|x64.Build.0 = Release|iPhone
		{6F10F8D9-8438-4521-BC2A-BB2E5512BCD2}.Release|x64.Deploy.0 = Release|iPhone
		{6F10F8D9-8438-4521-BC2A-BB2E5512BCD2}.Release|x86.ActiveCfg = Release|iPhone
		{6F10F8D9-8438-4521-BC2A-BB2E5512BCD2}.Release|x86.Build.0 = Release|iPhone
		{6F10F8D9-8438-4521-BC2A-BB2E5512BCD2}.Release|x86.Deploy.0 = Release|iPhone
		{841108E5-6A41-4331-BF28-D9307E70318D}.Ad-Hoc|Any CPU.ActiveCfg = Release|x86
		{841108E5-6A41-4331-BF28-D9307E70318D}.Ad-Hoc|Any CPU.Build.0 = Release|x86
		{841108E5-6A41-4331-BF28-D9307E70318D}.Ad-Hoc|Any CPU.Deploy.0 = Release|x86
		{841108E5-6A41-4331-BF28-D9307E70318D}.Ad-Hoc|ARM.ActiveCfg = Release|ARM
		{841108E5-6A41-4331-BF28-D9307E70318D}.Ad-Hoc|ARM.Build.0 = Release|ARM
		{841108E5-6A41-4331-BF28-D9307E70318D}.Ad-Hoc|ARM.Deploy.0 = Release|ARM
		{841108E5-6A41-4331-BF28-D9307E70318D}.Ad-Hoc|iPhone.ActiveCfg = Release|x86
		{841108E5-6A41-4331-BF28-D9307E70318D}.Ad-Hoc|iPhone.Build.0 = Release|x86
		{841108E5-6A41-4331-BF28-D9307E70318D}.Ad-Hoc|iPhone.Deploy.0 = Release|x86
		{841108E5-6A41-4331-BF28-D9307E70318D}.Ad-Hoc|iPhoneSimulator.ActiveCfg = Release|x86
		{841108E5-6A41-4331-BF28-D9307E70318D}.Ad-Hoc|iPhoneSimulator.Build.0 = Release|x86
		{841108E5-6A41-4331-BF28-D9307E70318D}.Ad-Hoc|iPhoneSimulator.Deploy.0 = Release|x86
		{841108E5-6A41-4331-BF28-D9307E70318D}.Ad-Hoc|x64.ActiveCfg = Release|x64
		{841108E5-6A41-4331-BF28-D9307E70318D}.Ad-Hoc|x64.Build.0 = Release|x64
		{841108E5-6A41-4331-BF28-D9307E70318D}.Ad-Hoc|x64.Deploy.0 = Release|x64
		{841108E5-6A41-4331-BF28-D9307E70318D}.Ad-Hoc|x86.ActiveCfg = Release|x86
		{841108E5-6A41-4331-BF28-D9307E70318D}.Ad-Hoc|x86.Build.0 = Release|x86
		{841108E5-6A41-4331-BF28-D9307E70318D}.Ad-Hoc|x86.Deploy.0 = Release|x86
		{841108E5-6A41-4331-BF28-D9307E70318D}.AppStore|Any CPU.ActiveCfg = Release|x86
		{841108E5-6A41-4331-BF28-D9307E70318D}.AppStore|Any CPU.Build.0 = Release|x86
		{841108E5-6A41-4331-BF28-D9307E70318D}.AppStore|Any CPU.Deploy.0 = Release|x86
		{841108E5-6A41-4331-BF28-D9307E70318D}.AppStore|ARM.ActiveCfg = Release|ARM
		{841108E5-6A41-4331-BF28-D9307E70318D}.AppStore|ARM.Build.0 = Release|ARM
		{841108E5-6A41-4331-BF28-D9307E70318D}.AppStore|ARM.Deploy.0 = Release|ARM
		{841108E5-6A41-4331-BF28-D9307E70318D}.AppStore|iPhone.ActiveCfg = Release|x86
		{841108E5-6A41-4331-BF28-D9307E70318D}.AppStore|iPhone.Build.0 = Release|x86
		{841108E5-6A41-4331-BF28-D9307E70318D}.AppStore|iPhone.Deploy.0 = Release|x86
		{841108E5-6A41-4331-BF28-D9307E70318D}.AppStore|iPhoneSimulator.ActiveCfg = Release|x86
		{841108E5-6A41-4331-BF28-D9307E70318D}.AppStore|iPhoneSimulator.Build.0 = Release|x86
		{841108E5-6A41-4331-BF28-D9307E70318D}.AppStore|iPhoneSimulator.Deploy.0 = Release|x86
		{841108E5-6A41-4331-BF28-D9307E70318D}.AppStore|x64.ActiveCfg = Release|x64
		{841108E5-6A41-4331-BF28-D9307E70318D}.AppStore|x64.Build.0 = Release|x64
		{841108E5-6A41-4331-BF28-D9307E70318D}.AppStore|x64.Deploy.0 = Release|x64
		{841108E5-6A41-4331-BF28-D9307E70318D}.AppStore|x86.ActiveCfg = Release|x86
		{841108E5-6A41-4331-BF28-D9307E70318D}.AppStore|x86.Build.0 = Release|x86
		{841108E5-6A41-4331-BF28-D9307E70318D}.AppStore|x86.Deploy.0 = Release|x86
		{841108E5-6A41-4331-BF28-D9307E70318D}.Debug|Any CPU.ActiveCfg = Debug|x86
		{841108E5-6A41-4331-BF28-D9307E70318D}.Debug|Any CPU.Build.0 = Debug|x86
		{841108E5-6A41-4331-BF28-D9307E70318D}.Debug|Any CPU.Deploy.0 = Debug|x86
		{841108E5-6A41-4331-BF28-D9307E70318D}.Debug|ARM.ActiveCfg = Debug|ARM
		{841108E5-6A41-4331-BF28-D9307E70318D}.Debug|ARM.Build.0 = Debug|ARM
		{841108E5-6A41-4331-BF28-D9307E70318D}.Debug|ARM.Deploy.0 = Debug|ARM
		{841108E5-6A41-4331-BF28-D9307E70318D}.Debug|iPhone.ActiveCfg = Debug|x86
		{841108E5-6A41-4331-BF28-D9307E70318D}.Debug|iPhone.Build.0 = Debug|x86
		{841108E5-6A41-4331-BF28-D9307E70318D}.Debug|iPhone.Deploy.0 = Debug|x86
		{841108E5-6A41-4331-BF28-D9307E70318D}.Debug|iPhoneSimulator.ActiveCfg = Debug|x86
		{841108E5-6A41-4331-BF28-D9307E70318D}.Debug|iPhoneSimulator.Build.0 = Debug|x86
		{841108E5-6A41-4331-BF28-D9307E70318D}.Debug|iPhoneSimulator.Deploy.0 = Debug|x86
		{841108E5-6A41-4331-BF28-D9307E70318D}.Debug|x64.ActiveCfg = Debug|x64
		{841108E5-6A41-4331-BF28-D9307E70318D}.Debug|x64.Build.0 = Debug|x64
		{841108E5-6A41-4331-BF28-D9307E70318D}.Debug|x64.Deploy.0 = Debug|x64
		{841108E5-6A41-4331-BF28-D9307E70318D}.Debug|x86.ActiveCfg = Debug|x86
		{841108E5-6A41-4331-BF28-D9307E70318D}.Debug|x86.Build.0 = Debug|x86
		{841108E5-6A41-4331-BF28-D9307E70318D}.Debug|x86.Deploy.0 = Debug|x86
		{841108E5-6A41-4331-BF28-D9307E70318D}.Release|Any CPU.ActiveCfg = Release|x86
		{841108E5-6A41-4331-BF28-D9307E70318D}.Release|Any CPU.Build.0 = Release|x86
		{841108E5-6A41-4331-BF28-D9307E70318D}.Release|Any CPU.Deploy.0 = Release|x86
		{841108E5-6A41-4331-BF28-D9307E70318D}.Release|ARM.ActiveCfg = Release|ARM
		{841108E5-6A41-4331-BF28-D9307E70318D}.Release|ARM.Build.0 = Release|ARM
		{841108E5-6A41-4331-BF28-D9307E70318D}.Release|ARM.Deploy.0 = Release|ARM
		{841108E5-6A41-4331-BF28-D9307E70318D}.Release|iPhone.ActiveCfg = Release|x86
		{841108E5-6A41-4331-BF28-D9307E70318D}.Release|iPhone.Build.0 = Release|x86
		{841108E5-6A41-4331-BF28-D9307E70318D}.Release|iPhone.Deploy.0 = Release|x86
		{841108E5-6A41-4331-BF28-D9307E70318D}.Release|iPhoneSimulator.ActiveCfg = Release|x86
		{841108E5-6A41-4331-BF28-D9307E70318D}.Release|iPhoneSimulator.Build.0 = Release|x86
		{841108E5-6A41-4331-BF28-D9307E70318D}.Release|iPhoneSimulator.Deploy.0 = Release|x86
		{841108E5-6A41-4331-BF28-D9307E70318D}.Release|x64.ActiveCfg = Release|x64
		{841108E5-6A41-4331-BF28-D9307E70318D}.Release|x64.Build.0 = Release|x64
		{841108E5-6A41-4331-BF28-D9307E70318D}.Release|x64.Deploy.0 = Release|x64
		{841108E5-6A41-4331-BF28-D9307E70318D}.Release|x86.ActiveCfg = Release|x86
		{841108E5-6A41-4331-BF28-D9307E70318D}.Release|x86.Build.0 = Release|x86
		{841108E5-6A41-4331-BF28-D9307E70318D}.Release|x86.Deploy.0 = Release|x86
		{E3B7E554-3B89-4822-BEA1-992B1BF2D187}.Ad-Hoc|Any CPU.ActiveCfg = Debug|Any CPU
		{E3B7E554-3B89-4822-BEA1-992B1BF2D187}.Ad-Hoc|Any CPU.Build.0 = Debug|Any CPU
		{E3B7E554-3B89-4822-BEA1-992B1BF2D187}.Ad-Hoc|Any CPU.Deploy.0 = Debug|Any CPU
		{E3B7E554-3B89-4822-BEA1-992B1BF2D187}.Ad-Hoc|ARM.ActiveCfg = Debug|Any CPU
		{E3B7E554-3B89-4822-BEA1-992B1BF2D187}.Ad-Hoc|ARM.Build.0 = Debug|Any CPU
		{E3B7E554-3B89-4822-BEA1-992B1BF2D187}.Ad-Hoc|ARM.Deploy.0 = Debug|Any CPU
		{E3B7E554-3B89-4822-BEA1-992B1BF2D187}.Ad-Hoc|iPhone.ActiveCfg = Debug|Any CPU
		{E3B7E554-3B89-4822-BEA1-992B1BF2D187}.Ad-Hoc|iPhone.Build.0 = Debug|Any CPU
		{E3B7E554-3B89-4822-BEA1-992B1BF2D187}.Ad-Hoc|iPhone.Deploy.0 = Debug|Any CPU
		{E3B7E554-3B89-4822-BEA1-992B1BF2D187}.Ad-Hoc|iPhoneSimulator.ActiveCfg = Debug|Any CPU
		{E3B7E554-3B89-4822-BEA1-992B1BF2D187}.Ad-Hoc|iPhoneSimulator.Build.0 = Debug|Any CPU
		{E3B7E554-3B89-4822-BEA1-992B1BF2D187}.Ad-Hoc|iPhoneSimulator.Deploy.0 = Debug|Any CPU
		{E3B7E554-3B89-4822-BEA1-992B1BF2D187}.Ad-Hoc|x64.ActiveCfg = Debug|Any CPU
		{E3B7E554-3B89-4822-BEA1-992B1BF2D187}.Ad-Hoc|x64.Build.0 = Debug|Any CPU
		{E3B7E554-3B89-4822-BEA1-992B1BF2D187}.Ad-Hoc|x64.Deploy.0 = Debug|Any CPU
		{E3B7E554-3B89-4822-BEA1-992B1BF2D187}.Ad-Hoc|x86.ActiveCfg = Debug|Any CPU
		{E3B7E554-3B89-4822-BEA1-992B1BF2D187}.Ad-Hoc|x86.Build.0 = Debug|Any CPU
		{E3B7E554-3B89-4822-BEA1-992B1BF2D187}.Ad-Hoc|x86.Deploy.0 = Debug|Any CPU
		{E3B7E554-3B89-4822-BEA1-992B1BF2D187}.AppStore|Any CPU.ActiveCfg = Debug|Any CPU
		{E3B7E554-3B89-4822-BEA1-992B1BF2D187}.AppStore|Any CPU.Build.0 = Debug|Any CPU
		{E3B7E554-3B89-4822-BEA1-992B1BF2D187}.AppStore|Any CPU.Deploy.0 = Debug|Any CPU
		{E3B7E554-3B89-4822-BEA1-992B1BF2D187}.AppStore|ARM.ActiveCfg = Debug|Any CPU
		{E3B7E554-3B89-4822-BEA1-992B1BF2D187}.AppStore|ARM.Build.0 = Debug|Any CPU
		{E3B7E554-3B89-4822-BEA1-992B1BF2D187}.AppStore|ARM.Deploy.0 = Debug|Any CPU
		{E3B7E554-3B89-4822-BEA1-992B1BF2D187}.AppStore|iPhone.ActiveCfg = Debug|Any CPU
		{E3B7E554-3B89-4822-BEA1-992B1BF2D187}.AppStore|iPhone.Build.0 = Debug|Any CPU
		{E3B7E554-3B89-4822-BEA1-992B1BF2D187}.AppStore|iPhone.Deploy.0 = Debug|Any CPU
		{E3B7E554-3B89-4822-BEA1-992B1BF2D187}.AppStore|iPhoneSimulator.ActiveCfg = Debug|Any CPU
		{E3B7E554-3B89-4822-BEA1-992B1BF2D187}.AppStore|iPhoneSimulator.Build.0 = Debug|Any CPU
		{E3B7E554-3B89-4822-BEA1-992B1BF2D187}.AppStore|iPhoneSimulator.Deploy.0 = Debug|Any CPU
		{E3B7E554-3B89-4822-BEA1-992B1BF2D187}.AppStore|x64.ActiveCfg = Debug|Any CPU
		{E3B7E554-3B89-4822-BEA1-992B1BF2D187}.AppStore|x64.Build.0 = Debug|Any CPU
		{E3B7E554-3B89-4822-BEA1-992B1BF2D187}.AppStore|x64.Deploy.0 = Debug|Any CPU
		{E3B7E554-3B89-4822-BEA1-992B1BF2D187}.AppStore|x86.ActiveCfg = Debug|Any CPU
		{E3B7E554-3B89-4822-BEA1-992B1BF2D187}.AppStore|x86.Build.0 = Debug|Any CPU
		{E3B7E554-3B89-4822-BEA1-992B1BF2D187}.AppStore|x86.Deploy.0 = Debug|Any CPU
		{E3B7E554-3B89-4822-BEA1-992B1BF2D187}.Debug|Any CPU.ActiveCfg = Debug|Any CPU
		{E3B7E554-3B89-4822-BEA1-992B1BF2D187}.Debug|Any CPU.Build.0 = Debug|Any CPU
		{E3B7E554-3B89-4822-BEA1-992B1BF2D187}.Debug|Any CPU.Deploy.0 = Debug|Any CPU
		{E3B7E554-3B89-4822-BEA1-992B1BF2D187}.Debug|ARM.ActiveCfg = Debug|Any CPU
		{E3B7E554-3B89-4822-BEA1-992B1BF2D187}.Debug|ARM.Build.0 = Debug|Any CPU
		{E3B7E554-3B89-4822-BEA1-992B1BF2D187}.Debug|ARM.Deploy.0 = Debug|Any CPU
		{E3B7E554-3B89-4822-BEA1-992B1BF2D187}.Debug|iPhone.ActiveCfg = Debug|Any CPU
		{E3B7E554-3B89-4822-BEA1-992B1BF2D187}.Debug|iPhone.Build.0 = Debug|Any CPU
		{E3B7E554-3B89-4822-BEA1-992B1BF2D187}.Debug|iPhone.Deploy.0 = Debug|Any CPU
		{E3B7E554-3B89-4822-BEA1-992B1BF2D187}.Debug|iPhoneSimulator.ActiveCfg = Debug|Any CPU
		{E3B7E554-3B89-4822-BEA1-992B1BF2D187}.Debug|iPhoneSimulator.Build.0 = Debug|Any CPU
		{E3B7E554-3B89-4822-BEA1-992B1BF2D187}.Debug|iPhoneSimulator.Deploy.0 = Debug|Any CPU
		{E3B7E554-3B89-4822-BEA1-992B1BF2D187}.Debug|x64.ActiveCfg = Debug|Any CPU
		{E3B7E554-3B89-4822-BEA1-992B1BF2D187}.Debug|x64.Build.0 = Debug|Any CPU
		{E3B7E554-3B89-4822-BEA1-992B1BF2D187}.Debug|x64.Deploy.0 = Debug|Any CPU
		{E3B7E554-3B89-4822-BEA1-992B1BF2D187}.Debug|x86.ActiveCfg = Debug|Any CPU
		{E3B7E554-3B89-4822-BEA1-992B1BF2D187}.Debug|x86.Build.0 = Debug|Any CPU
		{E3B7E554-3B89-4822-BEA1-992B1BF2D187}.Debug|x86.Deploy.0 = Debug|Any CPU
		{E3B7E554-3B89-4822-BEA1-992B1BF2D187}.Release|Any CPU.ActiveCfg = Release|Any CPU
		{E3B7E554-3B89-4822-BEA1-992B1BF2D187}.Release|Any CPU.Build.0 = Release|Any CPU
		{E3B7E554-3B89-4822-BEA1-992B1BF2D187}.Release|Any CPU.Deploy.0 = Release|Any CPU
		{E3B7E554-3B89-4822-BEA1-992B1BF2D187}.Release|ARM.ActiveCfg = Release|Any CPU
		{E3B7E554-3B89-4822-BEA1-992B1BF2D187}.Release|ARM.Build.0 = Release|Any CPU
		{E3B7E554-3B89-4822-BEA1-992B1BF2D187}.Release|ARM.Deploy.0 = Release|Any CPU
		{E3B7E554-3B89-4822-BEA1-992B1BF2D187}.Release|iPhone.ActiveCfg = Release|Any CPU
		{E3B7E554-3B89-4822-BEA1-992B1BF2D187}.Release|iPhone.Build.0 = Release|Any CPU
		{E3B7E554-3B89-4822-BEA1-992B1BF2D187}.Release|iPhone.Deploy.0 = Release|Any CPU
		{E3B7E554-3B89-4822-BEA1-992B1BF2D187}.Release|iPhoneSimulator.ActiveCfg = Release|Any CPU
		{E3B7E554-3B89-4822-BEA1-992B1BF2D187}.Release|iPhoneSimulator.Build.0 = Release|Any CPU
		{E3B7E554-3B89-4822-BEA1-992B1BF2D187}.Release|iPhoneSimulator.Deploy.0 = Release|Any CPU
		{E3B7E554-3B89-4822-BEA1-992B1BF2D187}.Release|x64.ActiveCfg = Release|Any CPU
		{E3B7E554-3B89-4822-BEA1-992B1BF2D187}.Release|x64.Build.0 = Release|Any CPU
		{E3B7E554-3B89-4822-BEA1-992B1BF2D187}.Release|x64.Deploy.0 = Release|Any CPU
		{E3B7E554-3B89-4822-BEA1-992B1BF2D187}.Release|x86.ActiveCfg = Release|Any CPU
		{E3B7E554-3B89-4822-BEA1-992B1BF2D187}.Release|x86.Build.0 = Release|Any CPU
		{E3B7E554-3B89-4822-BEA1-992B1BF2D187}.Release|x86.Deploy.0 = Release|Any CPU
	EndGlobalSection
	GlobalSection(SolutionProperties) = preSolution
		HideSolutionNode = FALSE
	EndGlobalSection
	GlobalSection(ExtensibilityGlobals) = postSolution
		SolutionGuid = {B05C51A2-2E4C-4987-8FC0-3D6F1E741E97}
	EndGlobalSection
EndGlobal
